
Microsoft Visual Studio Solution File, Format Version 12.00
# Visual Studio Version 17
VisualStudioVersion = 17.4.33122.133
MinimumVisualStudioVersion = 10.0.40219.1
Project("{FAE04EC0-301F-11D3-BF4B-00C04F79EFBC}") = "ticTacToe", "ticTacToe\ticTacToe.csproj", "{AD0F986E-48EE-4A27-8C3B-B104262B9BA7}"
EndProject
Global
	GlobalSection(SolutionConfigurationPlatforms) = preSolution
		Debug|Any CPU = Debug|Any CPU
		Release|Any CPU = Release|Any CPU
	EndGlobalSection
	GlobalSection(ProjectConfigurationPlatforms) = postSolution
		{AD0F986E-48EE-4A27-8C3B-B104262B9BA7}.Debug|Any CPU.ActiveCfg = Debug|Any CPU
		{AD0F986E-48EE-4A27-8C3B-B104262B9BA7}.Debug|Any CPU.Build.0 = Debug|Any CPU
		{AD0F986E-48EE-4A27-8C3B-B104262B9BA7}.Release|Any CPU.ActiveCfg = Release|Any CPU
		{AD0F986E-48EE-4A27-8C3B-B104262B9BA7}.Release|Any CPU.Build.0 = Release|Any CPU
	EndGlobalSection
	GlobalSection(SolutionProperties) = preSolution
		HideSolutionNode = FALSE
	EndGlobalSection
	GlobalSection(ExtensibilityGlobals) = postSolution
		SolutionGuid = {A164A76C-BF7A-4C05-A0E2-A96BE67BFFC6}
	EndGlobalSection
EndGlobal
